# This file is autogenerated, do not edit; changes may be undone by the next 'dep ensure'.


[[projects]]
  digest = "1:6d83aad9c98e13079ad8a4dbc740892edf5384bcd07f1d789bb66cd8ecfae2cd"
  name = "github.com/DataDog/datadog-go"
  packages = ["statsd"]
  pruneopts = "NUT"
  revision = "e67964b4021ad3a334e748e8811eb3cd6becbc6e"
  version = "2.1.0"

[[projects]]
  digest = "1:4cbe55f096a604d401cb62fbc74c0f63c0ac3aa5a7d6891d96a34de009282fdc"
  name = "github.com/alexedwards/scs"
  packages = [
    ".",
    "stores/cookiestore",
  ]
  pruneopts = "NUT"
  revision = "a01923edcb7f83c0c6ae7e70ad03f293e6ec9e26"
  version = "v1.3.0"

[[projects]]
  branch = "master"
  digest = "1:dd49560573b3eeb2993a036b2dfebf301b7ed2c9220a77322b0747f0257cebdc"
  name = "github.com/bluekeyes/hatpear"
  packages = ["."]
  pruneopts = "NUT"
  revision = "ffb42d5bb417aa8e12b3b7ff73d028b915dafa10"

[[projects]]
  branch = "master"
  digest = "1:b010954441ff30e244db9328f3b3368e40c958b04c4178daaeb698f17e0d66c1"
  name = "github.com/bluekeyes/templatetree"
  packages = ["."]
  pruneopts = "NUT"
  revision = "42ed702a848c53ab231f1847b31ebe0813d4d7e7"

[[projects]]
  digest = "1:a3998b8ea2d61301e5dce8de279e789da031fb36cd98b374e7299591609c34f1"
  name = "github.com/bradleyfalzon/ghinstallation"
  packages = ["."]
  pruneopts = "NUT"
  revision = "3f4e9b1898e6b65e31827d5dccb97d91d59feaa3"
  version = "v0.1.2"

[[projects]]
  digest = "1:ffe9824d294da03b391f44e1ae8281281b4afc1bdaa9588c9097785e3af10cec"
  name = "github.com/davecgh/go-spew"
  packages = ["spew"]
  pruneopts = "NUT"
  revision = "8991bc29aa16c548c550c7ff78260e27b9ab7c73"
  version = "v1.1.1"

[[projects]]
  digest = "1:7a6852b35eb5bbc184561443762d225116ae630c26a7c4d90546619f1e7d2ad2"
  name = "github.com/dgrijalva/jwt-go"
  packages = ["."]
  pruneopts = "NUT"
  revision = "06ea1031745cb8b3dab3f6a236daf2b0aa468b7e"
  version = "v3.2.0"

[[projects]]
  digest = "1:f4f203acd8b11b8747bdcd91696a01dbc95ccb9e2ca2db6abf81c3a4f5e950ce"
  name = "github.com/google/go-github"
  packages = ["github"]
  pruneopts = "NUT"
  revision = "f55b50f38167644bb7e4be03d9a2bde71d435239"
  version = "v18.2.0"

[[projects]]
  digest = "1:a63cff6b5d8b95638bfe300385d93b2a6d9d687734b863da8e09dc834510a690"
  name = "github.com/google/go-querystring"
  packages = ["query"]
  pruneopts = "NUT"
  revision = "44c6ddd0a2342c386950e880b658017258da92fc"
  version = "v1.0.0"

[[projects]]
  digest = "1:b42cde0e1f3c816dd57f57f7bbcf05ca40263ad96f168714c130c611fc0856a6"
  name = "github.com/hashicorp/golang-lru"
  packages = [
    ".",
    "simplelru",
  ]
  pruneopts = "NUT"
  revision = "20f1fb78b0740ba8c3cb143a61e86ba5c8669768"
  version = "v0.5.0"

[[projects]]
  digest = "1:406338ad39ab2e37b7f4452906442a3dbf0eb3379dd1f06aafb5c07e769a5fbb"
  name = "github.com/inconshreveable/mousetrap"
  packages = ["."]
  pruneopts = "NUT"
  revision = "76626ae9c91c4f2a10f34cad8ce83ea42c93bb75"
  version = "v1.0"

[[projects]]
  branch = "develop"
  digest = "1:d78dd9767ded5926aa52cf1b8abf20f68fbbca5db5262be3398c242f1344bb22"
  name = "github.com/palantir/go-baseapp"
  packages = [
    "baseapp",
    "baseapp/datadog",
    "pkg/errfmt",
  ]
  pruneopts = "NUT"
  revision = "0561b0583746f5a1dfa575bed73ba6d18243d73b"

[[projects]]
  branch = "develop"
  digest = "1:1048ae62b445c06fc3f0ce2347f4440410eaea67e71e827f09e49d4e5b066ea8"
  name = "github.com/palantir/go-githubapp"
  packages = [
    "githubapp",
    "oauth2",
  ]
  pruneopts = "NUT"
  revision = "9cd091d20a9e9f3b7c43280e1ff5fa596fe7bba4"

[[projects]]
  digest = "1:5cf3f025cbee5951a4ee961de067c8a89fc95a5adabead774f82822efabab121"
  name = "github.com/pkg/errors"
  packages = ["."]
  pruneopts = "NUT"
  revision = "645ef00459ed84a119197bfb8d8205042c6df63d"
  version = "v0.8.0"

[[projects]]
  digest = "1:0028cb19b2e4c3112225cd871870f2d9cf49b9b4276531f03438a88e94be86fe"
  name = "github.com/pmezard/go-difflib"
  packages = ["difflib"]
  pruneopts = "NUT"
  revision = "792786c7400a136282c1664665ae0a8db921c6c2"
  version = "v1.0.0"

[[projects]]
  branch = "master"
  digest = "1:7c522337040d4ec9a136cd9d64fe4677ee1d3eae4a7f8831c2108f9bec43fa48"
  name = "github.com/rcrowley/go-metrics"
  packages = ["."]
  pruneopts = "NUT"
  revision = "e2704e165165ec55d062f5919b4b29494e9fa790"

[[projects]]
  digest = "1:0975c74a2cd70df6c2ae353c6283a25ce759dda7e1e706e5c07458baf3faca22"
  name = "github.com/rs/xid"
  packages = ["."]
  pruneopts = "NUT"
  revision = "15d26544def341f036c5f8dca987a4cbe575032c"
  version = "v1.2.1"

[[projects]]
  digest = "1:23e8c184b0a2dff80ce2d0d62bdf433ecf9707eb58361d755cdf2f08c22c2d0c"
  name = "github.com/rs/zerolog"
  packages = [
    ".",
    "hlog",
    "internal/cbor",
    "internal/json",
    "log",
  ]
  pruneopts = "NUT"
  revision = "338f9bc14084d22cb8eeacd6492861f8449d715c"
  version = "v1.9.1"

[[projects]]
  branch = "master"
  digest = "1:3d10a3bdabc0890155135c0be1034e56c69ea22239eb8f19a430230c74edad3b"
  name = "github.com/shurcooL/githubv4"
  packages = ["."]
  pruneopts = "NUT"
  revision = "51d7b505e2e9434db74794b52222c13253209955"

[[projects]]
  branch = "master"
  digest = "1:ddaa79b37808fbd09a1c3f484bba6320c884664dfc25ccc5f2d7d5a82222177c"
  name = "github.com/shurcooL/go"
  packages = ["ctxhttp"]
  pruneopts = "NUT"
  revision = "9e1955d9fb6e1ee2345ba1f5e71669263e719e27"

[[projects]]
  branch = "master"
  digest = "1:95aa903ea7bb8beff197c3770764373d076095408996e39e2206ed9e85ab14bb"
  name = "github.com/shurcooL/graphql"
  packages = [
    ".",
    "ident",
    "internal/jsonutil",
  ]
  pruneopts = "NUT"
  revision = "e4a3a37e6d42afa87afee2edeeced52300b63893"

[[projects]]
  digest = "1:343d44e06621142ab09ae0c76c1799104cdfddd3ffb445d78b1adf8dc3ffaf3d"
  name = "github.com/spf13/cobra"
  packages = ["."]
  pruneopts = "NUT"
  revision = "ef82de70bb3f60c65fb8eebacbb2d122ef517385"
  version = "v0.0.3"

[[projects]]
  digest = "1:9d8420bbf131d1618bde6530af37c3799340d3762cc47210c1d9532a4c3a2779"
  name = "github.com/spf13/pflag"
  packages = ["."]
  pruneopts = "NUT"
  revision = "298182f68c66c05229eb03ac171abe6e309ee79a"
  version = "v1.0.3"

[[projects]]
  digest = "1:0331452965d8695c0a5633e0f509012987681a654f388f2ad0c3b2d7f7004b1c"
  name = "github.com/stretchr/testify"
  packages = [
    "assert",
    "require",
  ]
  pruneopts = "NUT"
  revision = "f35b8ab0b5a2cef36673838d662e249dd9c94686"
  version = "v1.2.2"

[[projects]]
  branch = "master"
  digest = "1:4202ae4bc475052ad99562194dac3db816ee76f018b92cf2d699071f4c6e3f7a"
  name = "github.com/syntaqx/go-metrics-datadog"
  packages = ["."]
  pruneopts = "NUT"
  revision = "defd050220648a3021b2bccfa09d15bcdffeea27"

[[projects]]
  digest = "1:f23222558887a5919f8e9021ecb205395de463f031dd0c049e6e8e547b57c3f4"
  name = "github.com/zenazn/goji"
  packages = ["web/mutil"]
  pruneopts = "NUT"
  revision = "64eb34159fe53473206c2b3e70fe396a639452f2"
  version = "v1.0"

[[projects]]
  digest = "1:1787b9946a55f9ca5908bd65b9dcf6e2649a00991042ed50bb0eee6a26ff0fe7"
  name = "goji.io"
  packages = [
    ".",
    "internal",
    "pat",
    "pattern",
  ]
  pruneopts = "NUT"
  revision = "0d89ff54b2c18c9c4ba530e32496aef902d3c6cd"
  version = "v2.0"

[[projects]]
  branch = "master"
  digest = "1:a68068595227881a09dd5961976ddf705c8eea822dcd1c7b57bbb0067335ad32"
  name = "golang.org/x/crypto"
  packages = [
    "internal/subtle",
    "nacl/secretbox",
    "poly1305",
    "salsa20/salsa",
  ]
  pruneopts = "NUT"
  revision = "e3636079e1a4c1f337f212cc5cd2aca108f6c900"

[[projects]]
  branch = "master"
  digest = "1:d6b719875cf8091fbab38527d81d34e71f4521b9ee9ccfbd4a32cff2ac5af96e"
  name = "golang.org/x/net"
  packages = [
    "context",
    "context/ctxhttp",
  ]
  pruneopts = "NUT"
  revision = "146acd28ed5894421fb5aac80ca93bc1b1f46f87"

[[projects]]
  branch = "master"
  digest = "1:fab6f7f953638242af9ab52d7ab10bcbfd695c09934cac829206732973e94662"
  name = "golang.org/x/oauth2"
  packages = [
    ".",
    "internal",
  ]
  pruneopts = "NUT"
  revision = "c57b0facaced709681d9f90397429b9430a74754"

[[projects]]
  digest = "1:7c95b35057a0ff2e19f707173cc1a947fa43a6eb5c4d300d196ece0334046082"
  name = "gopkg.in/yaml.v2"
  packages = ["."]
  pruneopts = "NUT"
  revision = "5420a8b6744d3b0345ab293f6fcba19c978f1183"
  version = "v2.2.1"

[solve-meta]
  analyzer-name = "dep"
  analyzer-version = 1
  input-imports = [
    "github.com/alexedwards/scs",
    "github.com/bluekeyes/hatpear",
    "github.com/bluekeyes/templatetree",
    "github.com/google/go-github/github",
    "github.com/google/go-querystring/query",
    "github.com/palantir/go-baseapp/baseapp",
    "github.com/palantir/go-baseapp/baseapp/datadog",
    "github.com/palantir/go-baseapp/pkg/errfmt",
    "github.com/palantir/go-githubapp/githubapp",
    "github.com/palantir/go-githubapp/oauth2",
    "github.com/pkg/errors",
    "github.com/rs/zerolog",
    "github.com/spf13/cobra",
    "github.com/stretchr/testify/assert",
    "github.com/stretchr/testify/require",
    "goji.io",
    "goji.io/pat",
    "gopkg.in/yaml.v2",
  ]
  solver-name = "gps-cdcl"
  solver-version = 1
